
Microsoft Visual Studio Solution File, Format Version 12.00
# Visual Studio Version 17
VisualStudioVersion = 17.7.34003.232
MinimumVisualStudioVersion = 10.0.40219.1
Project("{FAE04EC0-301F-11D3-BF4B-00C04F79EFBC}") = "Objektumok", "Objektumok\Objektumok.csproj", "{D957AAC0-2744-4BED-917B-9487BB7703BE}"
EndProject
Global
	GlobalSection(SolutionConfigurationPlatforms) = preSolution
		Debug|Any CPU = Debug|Any CPU
		Release|Any CPU = Release|Any CPU
	EndGlobalSection
	GlobalSection(ProjectConfigurationPlatforms) = postSolution
		{D957AAC0-2744-4BED-917B-9487BB7703BE}.Debug|Any CPU.ActiveCfg = Debug|Any CPU
		{D957AAC0-2744-4BED-917B-9487BB7703BE}.Debug|Any CPU.Build.0 = Debug|Any CPU
		{D957AAC0-2744-4BED-917B-9487BB7703BE}.Release|Any CPU.ActiveCfg = Release|Any CPU
		{D957AAC0-2744-4BED-917B-9487BB7703BE}.Release|Any CPU.Build.0 = Release|Any CPU
	EndGlobalSection
	GlobalSection(SolutionProperties) = preSolution
		HideSolutionNode = FALSE
	EndGlobalSection
	GlobalSection(ExtensibilityGlobals) = postSolution
		SolutionGuid = {8B798156-3964-4F48-A017-DFDAFA163D52}
	EndGlobalSection
EndGlobal
